
Microsoft Visual Studio Solution File, Format Version 12.00
# Visual Studio 15
VisualStudioVersion = 15.0.28307.271
MinimumVisualStudioVersion = 10.0.40219.1
Project("{FAE04EC0-301F-11D3-BF4B-00C04F79EFBC}") = "ConsoleApp1", "ConsoleApp1\ConsoleApp1.csproj", "{C48255C1-5287-4490-91F1-7FCD616B97C7}"
EndProject
Global
	GlobalSection(SolutionConfigurationPlatforms) = preSolution
		Debug|Any CPU = Debug|Any CPU
		Release|Any CPU = Release|Any CPU
	EndGlobalSection
	GlobalSection(ProjectConfigurationPlatforms) = postSolution
		{C48255C1-5287-4490-91F1-7FCD616B97C7}.Debug|Any CPU.ActiveCfg = Debug|Any CPU
		{C48255C1-5287-4490-91F1-7FCD616B97C7}.Debug|Any CPU.Build.0 = Debug|Any CPU
		{C48255C1-5287-4490-91F1-7FCD616B97C7}.Release|Any CPU.ActiveCfg = Release|Any CPU
		{C48255C1-5287-4490-91F1-7FCD616B97C7}.Release|Any CPU.Build.0 = Release|Any CPU
	EndGlobalSection
	GlobalSection(SolutionProperties) = preSolution
		HideSolutionNode = FALSE
	EndGlobalSection
	GlobalSection(ExtensibilityGlobals) = postSolution
		SolutionGuid = {E387C517-A222-475F-A274-41F12FDC3CC7}
	EndGlobalSection
EndGlobal
